
Microsoft Visual Studio Solution File, Format Version 12.00
# Visual Studio Version 17
VisualStudioVersion = 17.6.33815.320
MinimumVisualStudioVersion = 10.0.40219.1
Project("{FAE04EC0-301F-11D3-BF4B-00C04F79EFBC}") = "Recutio-Absurdum", "Recutio-Absurdum\Recutio-Absurdum.csproj", "{525D67E6-5DF9-4046-A978-84FB6E943913}"
EndProject
Global
	GlobalSection(SolutionConfigurationPlatforms) = preSolution
		Debug|Any CPU = Debug|Any CPU
		Release|Any CPU = Release|Any CPU
	EndGlobalSection
	GlobalSection(ProjectConfigurationPlatforms) = postSolution
		{525D67E6-5DF9-4046-A978-84FB6E943913}.Debug|Any CPU.ActiveCfg = Debug|Any CPU
		{525D67E6-5DF9-4046-A978-84FB6E943913}.Debug|Any CPU.Build.0 = Debug|Any CPU
		{525D67E6-5DF9-4046-A978-84FB6E943913}.Release|Any CPU.ActiveCfg = Release|Any CPU
		{525D67E6-5DF9-4046-A978-84FB6E943913}.Release|Any CPU.Build.0 = Release|Any CPU
	EndGlobalSection
	GlobalSection(SolutionProperties) = preSolution
		HideSolutionNode = FALSE
	EndGlobalSection
	GlobalSection(ExtensibilityGlobals) = postSolution
		SolutionGuid = {2EB0488C-BB8B-4336-A827-AE108B037D7D}
	EndGlobalSection
EndGlobal
